// !$*UTF8*$!
{
	archiveVersion = 1;
	classes = {
	};
	objectVersion = 51;
	objects = {

/* Begin PBXBuildFile section */
		00AE1527C06E6BFEFBB430E3 /* Pods_Messenger.framework in Frameworks */ = {isa = PBXBuildFile; fileRef = F6F7E73FCCDD89C07DB15B7B /* Pods_Messenger.framework */; };
		CB30CC2E27E3C4420080C316 /* Extensions.swift in Sources */ = {isa = PBXBuildFile; fileRef = CB30CC2D27E3C4420080C316 /* Extensions.swift */; };
		CB3BADC427E4E1410023A16B /* GoogleService-Info.plist in Resources */ = {isa = PBXBuildFile; fileRef = CB3BADC327E4E1410023A16B /* GoogleService-Info.plist */; };
		CBBE6F0527E278DD00A1269D /* AppDelegate.swift in Sources */ = {isa = PBXBuildFile; fileRef = CBBE6F0427E278DD00A1269D /* AppDelegate.swift */; };
		CBBE6F0727E278DD00A1269D /* SceneDelegate.swift in Sources */ = {isa = PBXBuildFile; fileRef = CBBE6F0627E278DD00A1269D /* SceneDelegate.swift */; };
		CBBE6F0927E278DD00A1269D /* ConversationsViewController.swift in Sources */ = {isa = PBXBuildFile; fileRef = CBBE6F0827E278DD00A1269D /* ConversationsViewController.swift */; };
		CBBE6F0C27E278DD00A1269D /* Main.storyboard in Resources */ = {isa = PBXBuildFile; fileRef = CBBE6F0A27E278DD00A1269D /* Main.storyboard */; };
		CBBE6F0E27E278DF00A1269D /* Assets.xcassets in Resources */ = {isa = PBXBuildFile; fileRef = CBBE6F0D27E278DF00A1269D /* Assets.xcassets */; };
		CBBE6F1127E278DF00A1269D /* LaunchScreen.storyboard in Resources */ = {isa = PBXBuildFile; fileRef = CBBE6F0F27E278DF00A1269D /* LaunchScreen.storyboard */; };
		CBBE6F2227E2804700A1269D /* LoginViewController.swift in Sources */ = {isa = PBXBuildFile; fileRef = CBBE6F2127E2804700A1269D /* LoginViewController.swift */; };
		CBBE6F2627E2805B00A1269D /* RegisterViewController.swift in Sources */ = {isa = PBXBuildFile; fileRef = CBBE6F2527E2805B00A1269D /* RegisterViewController.swift */; };
		CBBE6F2927E2807C00A1269D /* PhotoViewerViewController.swift in Sources */ = {isa = PBXBuildFile; fileRef = CBBE6F2827E2807C00A1269D /* PhotoViewerViewController.swift */; };
		CBBE6F2C27E2809300A1269D /* VideoPlayerViewController.swift in Sources */ = {isa = PBXBuildFile; fileRef = CBBE6F2B27E2809300A1269D /* VideoPlayerViewController.swift */; };
		CBBE6F2F27E280BE00A1269D /* NewConversationViewController.swift in Sources */ = {isa = PBXBuildFile; fileRef = CBBE6F2E27E280BE00A1269D /* NewConversationViewController.swift */; };
		CBBE6F3227E280CE00A1269D /* ProfileViewController.swift in Sources */ = {isa = PBXBuildFile; fileRef = CBBE6F3127E280CE00A1269D /* ProfileViewController.swift */; };
/* End PBXBuildFile section */

/* Begin PBXFileReference section */
		94082FEFA15B248DDF8310C1 /* Pods-Messenger.debug.xcconfig */ = {isa = PBXFileReference; includeInIndex = 1; lastKnownFileType = text.xcconfig; name = "Pods-Messenger.debug.xcconfig"; path = "Target Support Files/Pods-Messenger/Pods-Messenger.debug.xcconfig"; sourceTree = "<group>"; };
		C7A203113F1D095ECA4C72BF /* Pods-Messenger.release.xcconfig */ = {isa = PBXFileReference; includeInIndex = 1; lastKnownFileType = text.xcconfig; name = "Pods-Messenger.release.xcconfig"; path = "Target Support Files/Pods-Messenger/Pods-Messenger.release.xcconfig"; sourceTree = "<group>"; };
		CB30CC2D27E3C4420080C316 /* Extensions.swift */ = {isa = PBXFileReference; lastKnownFileType = sourcecode.swift; path = Extensions.swift; sourceTree = "<group>"; };
		CB3BADC327E4E1410023A16B /* GoogleService-Info.plist */ = {isa = PBXFileReference; fileEncoding = 4; lastKnownFileType = text.plist.xml; name = "GoogleService-Info.plist"; path = "../../../Downloads/GoogleService-Info.plist"; sourceTree = "<group>"; };
		CBBE6F0127E278DD00A1269D /* Messenger.app */ = {isa = PBXFileReference; explicitFileType = wrapper.application; includeInIndex = 0; path = Messenger.app; sourceTree = BUILT_PRODUCTS_DIR; };
		CBBE6F0427E278DD00A1269D /* AppDelegate.swift */ = {isa = PBXFileReference; lastKnownFileType = sourcecode.swift; path = AppDelegate.swift; sourceTree = "<group>"; };
		CBBE6F0627E278DD00A1269D /* SceneDelegate.swift */ = {isa = PBXFileReference; lastKnownFileType = sourcecode.swift; path = SceneDelegate.swift; sourceTree = "<group>"; };
		CBBE6F0827E278DD00A1269D /* ConversationsViewController.swift */ = {isa = PBXFileReference; lastKnownFileType = sourcecode.swift; path = ConversationsViewController.swift; sourceTree = "<group>"; };
		CBBE6F0B27E278DD00A1269D /* Base */ = {isa = PBXFileReference; lastKnownFileType = file.storyboard; name = Base; path = Base.lproj/Main.storyboard; sourceTree = "<group>"; };
		CBBE6F0D27E278DF00A1269D /* Assets.xcassets */ = {isa = PBXFileReference; lastKnownFileType = folder.assetcatalog; path = Assets.xcassets; sourceTree = "<group>"; };
		CBBE6F1027E278DF00A1269D /* Base */ = {isa = PBXFileReference; lastKnownFileType = file.storyboard; name = Base; path = Base.lproj/LaunchScreen.storyboard; sourceTree = "<group>"; };
		CBBE6F1227E278DF00A1269D /* Info.plist */ = {isa = PBXFileReference; lastKnownFileType = text.plist.xml; path = Info.plist; sourceTree = "<group>"; };
		CBBE6F2127E2804700A1269D /* LoginViewController.swift */ = {isa = PBXFileReference; lastKnownFileType = sourcecode.swift; path = LoginViewController.swift; sourceTree = "<group>"; };
		CBBE6F2527E2805B00A1269D /* RegisterViewController.swift */ = {isa = PBXFileReference; lastKnownFileType = sourcecode.swift; path = RegisterViewController.swift; sourceTree = "<group>"; };
		CBBE6F2827E2807C00A1269D /* PhotoViewerViewController.swift */ = {isa = PBXFileReference; lastKnownFileType = sourcecode.swift; path = PhotoViewerViewController.swift; sourceTree = "<group>"; };
		CBBE6F2B27E2809300A1269D /* VideoPlayerViewController.swift */ = {isa = PBXFileReference; lastKnownFileType = sourcecode.swift; path = VideoPlayerViewController.swift; sourceTree = "<group>"; };
		CBBE6F2E27E280BE00A1269D /* NewConversationViewController.swift */ = {isa = PBXFileReference; lastKnownFileType = sourcecode.swift; path = NewConversationViewController.swift; sourceTree = "<group>"; };
		CBBE6F3127E280CE00A1269D /* ProfileViewController.swift */ = {isa = PBXFileReference; lastKnownFileType = sourcecode.swift; path = ProfileViewController.swift; sourceTree = "<group>"; };
		F6F7E73FCCDD89C07DB15B7B /* Pods_Messenger.framework */ = {isa = PBXFileReference; explicitFileType = wrapper.framework; includeInIndex = 0; path = Pods_Messenger.framework; sourceTree = BUILT_PRODUCTS_DIR; };
/* End PBXFileReference section */

/* Begin PBXFrameworksBuildPhase section */
		CBBE6EFE27E278DD00A1269D /* Frameworks */ = {
			isa = PBXFrameworksBuildPhase;
			buildActionMask = 2147483647;
			files = (
				00AE1527C06E6BFEFBB430E3 /* Pods_Messenger.framework in Frameworks */,
			);
			runOnlyForDeploymentPostprocessing = 0;
		};
/* End PBXFrameworksBuildPhase section */

/* Begin PBXGroup section */
		6FFAAECFEB7102999F4D0883 /* Pods */ = {
			isa = PBXGroup;
			children = (
				94082FEFA15B248DDF8310C1 /* Pods-Messenger.debug.xcconfig */,
				C7A203113F1D095ECA4C72BF /* Pods-Messenger.release.xcconfig */,
			);
			path = Pods;
			sourceTree = "<group>";
		};
		7462F38845ADD4DE2753A74A /* Frameworks */ = {
			isa = PBXGroup;
			children = (
				F6F7E73FCCDD89C07DB15B7B /* Pods_Messenger.framework */,
			);
			name = Frameworks;
			sourceTree = "<group>";
		};
		CBBE6EF827E278DD00A1269D = {
			isa = PBXGroup;
			children = (
				CBBE6F0327E278DD00A1269D /* Messenger */,
				CBBE6F0227E278DD00A1269D /* Products */,
				6FFAAECFEB7102999F4D0883 /* Pods */,
				7462F38845ADD4DE2753A74A /* Frameworks */,
			);
			sourceTree = "<group>";
		};
		CBBE6F0227E278DD00A1269D /* Products */ = {
			isa = PBXGroup;
			children = (
				CBBE6F0127E278DD00A1269D /* Messenger.app */,
			);
			name = Products;
			sourceTree = "<group>";
		};
		CBBE6F0327E278DD00A1269D /* Messenger */ = {
			isa = PBXGroup;
			children = (
				CB3BADC327E4E1410023A16B /* GoogleService-Info.plist */,
				CBBE6F1D27E27E1600A1269D /* Views */,
				CBBE6F1C27E27DFF00A1269D /* Controllers */,
				CBBE6F1B27E27D9D00A1269D /* Resources */,
				CBBE6F1A27E27D9000A1269D /* ViewModels */,
				CBBE6F1927E27D7400A1269D /* Models */,
				CBBE6F1227E278DF00A1269D /* Info.plist */,
				CB30CC2D27E3C4420080C316 /* Extensions.swift */,
			);
			path = Messenger;
			sourceTree = "<group>";
		};
		CBBE6F1927E27D7400A1269D /* Models */ = {
			isa = PBXGroup;
			children = (
			);
			path = Models;
			sourceTree = "<group>";
		};
		CBBE6F1A27E27D9000A1269D /* ViewModels */ = {
			isa = PBXGroup;
			children = (
			);
			path = ViewModels;
			sourceTree = "<group>";
		};
		CBBE6F1B27E27D9D00A1269D /* Resources */ = {
			isa = PBXGroup;
			children = (
				CBBE6F0427E278DD00A1269D /* AppDelegate.swift */,
				CBBE6F0D27E278DF00A1269D /* Assets.xcassets */,
				CBBE6F0627E278DD00A1269D /* SceneDelegate.swift */,
			);
			path = Resources;
			sourceTree = "<group>";
		};
		CBBE6F1C27E27DFF00A1269D /* Controllers */ = {
			isa = PBXGroup;
			children = (
				CBBE6F0827E278DD00A1269D /* ConversationsViewController.swift */,
				CBBE6F3427E2826700A1269D /* Login */,
				CBBE6F2827E2807C00A1269D /* PhotoViewerViewController.swift */,
				CBBE6F2B27E2809300A1269D /* VideoPlayerViewController.swift */,
				CBBE6F2E27E280BE00A1269D /* NewConversationViewController.swift */,
				CBBE6F3127E280CE00A1269D /* ProfileViewController.swift */,
			);
			path = Controllers;
			sourceTree = "<group>";
		};
		CBBE6F1D27E27E1600A1269D /* Views */ = {
			isa = PBXGroup;
			children = (
				CBBE6F1E27E27E4A00A1269D /* StoryBoards */,
			);
			path = Views;
			sourceTree = "<group>";
		};
		CBBE6F1E27E27E4A00A1269D /* StoryBoards */ = {
			isa = PBXGroup;
			children = (
				CBBE6F0A27E278DD00A1269D /* Main.storyboard */,
				CBBE6F0F27E278DF00A1269D /* LaunchScreen.storyboard */,
			);
			path = StoryBoards;
			sourceTree = "<group>";
		};
		CBBE6F3427E2826700A1269D /* Login */ = {
			isa = PBXGroup;
			children = (
				CBBE6F2527E2805B00A1269D /* RegisterViewController.swift */,
				CBBE6F2127E2804700A1269D /* LoginViewController.swift */,
			);
			path = Login;
			sourceTree = "<group>";
		};
/* End PBXGroup section */

/* Begin PBXNativeTarget section */
		CBBE6F0027E278DD00A1269D /* Messenger */ = {
			isa = PBXNativeTarget;
			buildConfigurationList = CBBE6F1527E278DF00A1269D /* Build configuration list for PBXNativeTarget "Messenger" */;
			buildPhases = (
				9E433836A2D89ECD60DA3CBC /* [CP] Check Pods Manifest.lock */,
				CBBE6EFD27E278DD00A1269D /* Sources */,
				CBBE6EFE27E278DD00A1269D /* Frameworks */,
				CBBE6EFF27E278DD00A1269D /* Resources */,
				AD5A17A11E7275B0ED88D120 /* [CP] Embed Pods Frameworks */,
			);
			buildRules = (
			);
			dependencies = (
			);
			name = Messenger;
			productName = Messenger;
			productReference = CBBE6F0127E278DD00A1269D /* Messenger.app */;
			productType = "com.apple.product-type.application";
		};
/* End PBXNativeTarget section */

/* Begin PBXProject section */
		CBBE6EF927E278DD00A1269D /* Project object */ = {
			isa = PBXProject;
			attributes = {
				LastSwiftUpdateCheck = 1230;
				LastUpgradeCheck = 1230;
				TargetAttributes = {
					CBBE6F0027E278DD00A1269D = {
						CreatedOnToolsVersion = 12.3;
					};
				};
			};
			buildConfigurationList = CBBE6EFC27E278DD00A1269D /* Build configuration list for PBXProject "Messenger" */;
			compatibilityVersion = "Xcode 9.3";
			developmentRegion = en;
			hasScannedForEncodings = 0;
			knownRegions = (
				en,
				Base,
			);
			mainGroup = CBBE6EF827E278DD00A1269D;
			productRefGroup = CBBE6F0227E278DD00A1269D /* Products */;
			projectDirPath = "";
			projectRoot = "";
			targets = (
				CBBE6F0027E278DD00A1269D /* Messenger */,
			);
		};
/* End PBXProject section */

/* Begin PBXResourcesBuildPhase section */
		CBBE6EFF27E278DD00A1269D /* Resources */ = {
			isa = PBXResourcesBuildPhase;
			buildActionMask = 2147483647;
			files = (
				CBBE6F1127E278DF00A1269D /* LaunchScreen.storyboard in Resources */,
				CB3BADC427E4E1410023A16B /* GoogleService-Info.plist in Resources */,
				CBBE6F0E27E278DF00A1269D /* Assets.xcassets in Resources */,
				CBBE6F0C27E278DD00A1269D /* Main.storyboard in Resources */,
			);
			runOnlyForDeploymentPostprocessing = 0;
		};
/* End PBXResourcesBuildPhase section */

/* Begin PBXShellScriptBuildPhase section */
		9E433836A2D89ECD60DA3CBC /* [CP] Check Pods Manifest.lock */ = {
			isa = PBXShellScriptBuildPhase;
			buildActionMask = 2147483647;
			files = (
			);
			inputFileListPaths = (
			);
			inputPaths = (
				"${PODS_PODFILE_DIR_PATH}/Podfile.lock",
				"${PODS_ROOT}/Manifest.lock",
			);
			name = "[CP] Check Pods Manifest.lock";
			outputFileListPaths = (
			);
			outputPaths = (
				"$(DERIVED_FILE_DIR)/Pods-Messenger-checkManifestLockResult.txt",
			);
			runOnlyForDeploymentPostprocessing = 0;
			shellPath = /bin/sh;
			shellScript = "diff \"${PODS_PODFILE_DIR_PATH}/Podfile.lock\" \"${PODS_ROOT}/Manifest.lock\" > /dev/null\nif [ $? != 0 ] ; then\n    # print error to STDERR\n    echo \"error: The sandbox is not in sync with the Podfile.lock. Run 'pod install' or update your CocoaPods installation.\" >&2\n    exit 1\nfi\n# This output is used by Xcode 'outputs' to avoid re-running this script phase.\necho \"SUCCESS\" > \"${SCRIPT_OUTPUT_FILE_0}\"\n";
			showEnvVarsInLog = 0;
		};
		AD5A17A11E7275B0ED88D120 /* [CP] Embed Pods Frameworks */ = {
			isa = PBXShellScriptBuildPhase;
			buildActionMask = 2147483647;
			files = (
			);
			inputFileListPaths = (
				"${PODS_ROOT}/Target Support Files/Pods-Messenger/Pods-Messenger-frameworks-${CONFIGURATION}-input-files.xcfilelist",
			);
			name = "[CP] Embed Pods Frameworks";
			outputFileListPaths = (
				"${PODS_ROOT}/Target Support Files/Pods-Messenger/Pods-Messenger-frameworks-${CONFIGURATION}-output-files.xcfilelist",
			);
			runOnlyForDeploymentPostprocessing = 0;
			shellPath = /bin/sh;
			shellScript = "\"${PODS_ROOT}/Target Support Files/Pods-Messenger/Pods-Messenger-frameworks.sh\"\n";
			showEnvVarsInLog = 0;
		};
/* End PBXShellScriptBuildPhase section */

/* Begin PBXSourcesBuildPhase section */
		CBBE6EFD27E278DD00A1269D /* Sources */ = {
			isa = PBXSourcesBuildPhase;
			buildActionMask = 2147483647;
			files = (
				CBBE6F2227E2804700A1269D /* LoginViewController.swift in Sources */,
				CBBE6F2627E2805B00A1269D /* RegisterViewController.swift in Sources */,
				CBBE6F2F27E280BE00A1269D /* NewConversationViewController.swift in Sources */,
				CBBE6F0927E278DD00A1269D /* ConversationsViewController.swift in Sources */,
				CBBE6F2C27E2809300A1269D /* VideoPlayerViewController.swift in Sources */,
				CB30CC2E27E3C4420080C316 /* Extensions.swift in Sources */,
				CBBE6F0527E278DD00A1269D /* AppDelegate.swift in Sources */,
				CBBE6F3227E280CE00A1269D /* ProfileViewController.swift in Sources */,
				CBBE6F0727E278DD00A1269D /* SceneDelegate.swift in Sources */,
				CBBE6F2927E2807C00A1269D /* PhotoViewerViewController.swift in Sources */,
			);
			runOnlyForDeploymentPostprocessing = 0;
		};
/* End PBXSourcesBuildPhase section */

/* Begin PBXVariantGroup section */
		CBBE6F0A27E278DD00A1269D /* Main.storyboard */ = {
			isa = PBXVariantGroup;
			children = (
				CBBE6F0B27E278DD00A1269D /* Base */,
			);
			name = Main.storyboard;
			sourceTree = "<group>";
		};
		CBBE6F0F27E278DF00A1269D /* LaunchScreen.storyboard */ = {
			isa = PBXVariantGroup;
			children = (
				CBBE6F1027E278DF00A1269D /* Base */,
			);
			name = LaunchScreen.storyboard;
			sourceTree = "<group>";
		};
/* End PBXVariantGroup section */

/* Begin XCBuildConfiguration section */
		CBBE6F1327E278DF00A1269D /* Debug */ = {
			isa = XCBuildConfiguration;
			buildSettings = {
				ALWAYS_SEARCH_USER_PATHS = NO;
				CLANG_ANALYZER_NONNULL = YES;
				CLANG_ANALYZER_NUMBER_OBJECT_CONVERSION = YES_AGGRESSIVE;
				CLANG_CXX_LANGUAGE_STANDARD = "gnu++14";
				CLANG_CXX_LIBRARY = "libc++";
				CLANG_ENABLE_MODULES = YES;
				CLANG_ENABLE_OBJC_ARC = YES;
				CLANG_ENABLE_OBJC_WEAK = YES;
				CLANG_WARN_BLOCK_CAPTURE_AUTORELEASING = YES;
				CLANG_WARN_BOOL_CONVERSION = YES;
				CLANG_WARN_COMMA = YES;
				CLANG_WARN_CONSTANT_CONVERSION = YES;
				CLANG_WARN_DEPRECATED_OBJC_IMPLEMENTATIONS = YES;
				CLANG_WARN_DIRECT_OBJC_ISA_USAGE = YES_ERROR;
				CLANG_WARN_DOCUMENTATION_COMMENTS = YES;
				CLANG_WARN_EMPTY_BODY = YES;
				CLANG_WARN_ENUM_CONVERSION = YES;
				CLANG_WARN_INFINITE_RECURSION = YES;
				CLANG_WARN_INT_CONVERSION = YES;
				CLANG_WARN_NON_LITERAL_NULL_CONVERSION = YES;
				CLANG_WARN_OBJC_IMPLICIT_RETAIN_SELF = YES;
				CLANG_WARN_OBJC_LITERAL_CONVERSION = YES;
				CLANG_WARN_OBJC_ROOT_CLASS = YES_ERROR;
				CLANG_WARN_QUOTED_INCLUDE_IN_FRAMEWORK_HEADER = YES;
				CLANG_WARN_RANGE_LOOP_ANALYSIS = YES;
				CLANG_WARN_STRICT_PROTOTYPES = YES;
				CLANG_WARN_SUSPICIOUS_MOVE = YES;
				CLANG_WARN_UNGUARDED_AVAILABILITY = YES_AGGRESSIVE;
				CLANG_WARN_UNREACHABLE_CODE = YES;
				CLANG_WARN__DUPLICATE_METHOD_MATCH = YES;
				COPY_PHASE_STRIP = NO;
				DEBUG_INFORMATION_FORMAT = dwarf;
				ENABLE_STRICT_OBJC_MSGSEND = YES;
				ENABLE_TESTABILITY = YES;
				GCC_C_LANGUAGE_STANDARD = gnu11;
				GCC_DYNAMIC_NO_PIC = NO;
				GCC_NO_COMMON_BLOCKS = YES;
				GCC_OPTIMIZATION_LEVEL = 0;
				GCC_PREPROCESSOR_DEFINITIONS = (
					"DEBUG=1",
					"$(inherited)",
				);
				GCC_WARN_64_TO_32_BIT_CONVERSION = YES;
				GCC_WARN_ABOUT_RETURN_TYPE = YES_ERROR;
				GCC_WARN_UNDECLARED_SELECTOR = YES;
				GCC_WARN_UNINITIALIZED_AUTOS = YES_AGGRESSIVE;
				GCC_WARN_UNUSED_FUNCTION = YES;
				GCC_WARN_UNUSED_VARIABLE = YES;
				IPHONEOS_DEPLOYMENT_TARGET = 14.3;
				MTL_ENABLE_DEBUG_INFO = INCLUDE_SOURCE;
				MTL_FAST_MATH = YES;
				ONLY_ACTIVE_ARCH = YES;
				SDKROOT = iphoneos;
				SWIFT_ACTIVE_COMPILATION_CONDITIONS = DEBUG;
				SWIFT_OPTIMIZATION_LEVEL = "-Onone";
			};
			name = Debug;
		};
		CBBE6F1427E278DF00A1269D /* Release */ = {
			isa = XCBuildConfiguration;
			buildSettings = {
				ALWAYS_SEARCH_USER_PATHS = NO;
				CLANG_ANALYZER_NONNULL = YES;
				CLANG_ANALYZER_NUMBER_OBJECT_CONVERSION = YES_AGGRESSIVE;
				CLANG_CXX_LANGUAGE_STANDARD = "gnu++14";
				CLANG_CXX_LIBRARY = "libc++";
				CLANG_ENABLE_MODULES = YES;
				CLANG_ENABLE_OBJC_ARC = YES;
				CLANG_ENABLE_OBJC_WEAK = YES;
				CLANG_WARN_BLOCK_CAPTURE_AUTORELEASING = YES;
				CLANG_WARN_BOOL_CONVERSION = YES;
				CLANG_WARN_COMMA = YES;
				CLANG_WARN_CONSTANT_CONVERSION = YES;
				CLANG_WARN_DEPRECATED_OBJC_IMPLEMENTATIONS = YES;
				CLANG_WARN_DIRECT_OBJC_ISA_USAGE = YES_ERROR;
				CLANG_WARN_DOCUMENTATION_COMMENTS = YES;
				CLANG_WARN_EMPTY_BODY = YES;
				CLANG_WARN_ENUM_CONVERSION = YES;
				CLANG_WARN_INFINITE_RECURSION = YES;
				CLANG_WARN_INT_CONVERSION = YES;
				CLANG_WARN_NON_LITERAL_NULL_CONVERSION = YES;
				CLANG_WARN_OBJC_IMPLICIT_RETAIN_SELF = YES;
				CLANG_WARN_OBJC_LITERAL_CONVERSION = YES;
				CLANG_WARN_OBJC_ROOT_CLASS = YES_ERROR;
				CLANG_WARN_QUOTED_INCLUDE_IN_FRAMEWORK_HEADER = YES;
				CLANG_WARN_RANGE_LOOP_ANALYSIS = YES;
				CLANG_WARN_STRICT_PROTOTYPES = YES;
				CLANG_WARN_SUSPICIOUS_MOVE = YES;
				CLANG_WARN_UNGUARDED_AVAILABILITY = YES_AGGRESSIVE;
				CLANG_WARN_UNREACHABLE_CODE = YES;
				CLANG_WARN__DUPLICATE_METHOD_MATCH = YES;
				COPY_PHASE_STRIP = NO;
				DEBUG_INFORMATION_FORMAT = "dwarf-with-dsym";
				ENABLE_NS_ASSERTIONS = NO;
				ENABLE_STRICT_OBJC_MSGSEND = YES;
				GCC_C_LANGUAGE_STANDARD = gnu11;
				GCC_NO_COMMON_BLOCKS = YES;
				GCC_WARN_64_TO_32_BIT_CONVERSION = YES;
				GCC_WARN_ABOUT_RETURN_TYPE = YES_ERROR;
				GCC_WARN_UNDECLARED_SELECTOR = YES;
				GCC_WARN_UNINITIALIZED_AUTOS = YES_AGGRESSIVE;
				GCC_WARN_UNUSED_FUNCTION = YES;
				GCC_WARN_UNUSED_VARIABLE = YES;
				IPHONEOS_DEPLOYMENT_TARGET = 14.3;
				MTL_ENABLE_DEBUG_INFO = NO;
				MTL_FAST_MATH = YES;
				SDKROOT = iphoneos;
				SWIFT_COMPILATION_MODE = wholemodule;
				SWIFT_OPTIMIZATION_LEVEL = "-O";
				VALIDATE_PRODUCT = YES;
			};
			name = Release;
		};
		CBBE6F1627E278DF00A1269D /* Debug */ = {
			isa = XCBuildConfiguration;
			baseConfigurationReference = 94082FEFA15B248DDF8310C1 /* Pods-Messenger.debug.xcconfig */;
			buildSettings = {
				ASSETCATALOG_COMPILER_APPICON_NAME = AppIcon;
				ASSETCATALOG_COMPILER_GLOBAL_ACCENT_COLOR_NAME = AccentColor;
				CODE_SIGN_STYLE = Automatic;
				DEVELOPMENT_TEAM = JYYM6K4U2F;
				INFOPLIST_FILE = Messenger/Info.plist;
				IPHONEOS_DEPLOYMENT_TARGET = 14.3;
				LD_RUNPATH_SEARCH_PATHS = (
					"$(inherited)",
					"@executable_path/Frameworks",
				);
				PRODUCT_BUNDLE_IDENTIFIER = AmelMallemLouda.Messenger;
				PRODUCT_NAME = "$(TARGET_NAME)";
				SWIFT_VERSION = 5.0;
				TARGETED_DEVICE_FAMILY = "1,2";
			};
			name = Debug;
		};
		CBBE6F1727E278DF00A1269D /* Release */ = {
			isa = XCBuildConfiguration;
			baseConfigurationReference = C7A203113F1D095ECA4C72BF /* Pods-Messenger.release.xcconfig */;
			buildSettings = {
				ASSETCATALOG_COMPILER_APPICON_NAME = AppIcon;
				ASSETCATALOG_COMPILER_GLOBAL_ACCENT_COLOR_NAME = AccentColor;
				CODE_SIGN_STYLE = Automatic;
				DEVELOPMENT_TEAM = JYYM6K4U2F;
				INFOPLIST_FILE = Messenger/Info.plist;
				IPHONEOS_DEPLOYMENT_TARGET = 14.3;
				LD_RUNPATH_SEARCH_PATHS = (
					"$(inherited)",
					"@executable_path/Frameworks",
				);
				PRODUCT_BUNDLE_IDENTIFIER = AmelMallemLouda.Messenger;
				PRODUCT_NAME = "$(TARGET_NAME)";
				SWIFT_VERSION = 5.0;
				TARGETED_DEVICE_FAMILY = "1,2";
			};
			name = Release;
		};
/* End XCBuildConfiguration section */

/* Begin XCConfigurationList section */
		CBBE6EFC27E278DD00A1269D /* Build configuration list for PBXProject "Messenger" */ = {
			isa = XCConfigurationList;
			buildConfigurations = (
				CBBE6F1327E278DF00A1269D /* Debug */,
				CBBE6F1427E278DF00A1269D /* Release */,
			);
			defaultConfigurationIsVisible = 0;
			defaultConfigurationName = Release;
		};
		CBBE6F1527E278DF00A1269D /* Build configuration list for PBXNativeTarget "Messenger" */ = {
			isa = XCConfigurationList;
			buildConfigurations = (
				CBBE6F1627E278DF00A1269D /* Debug */,
				CBBE6F1727E278DF00A1269D /* Release */,
			);
			defaultConfigurationIsVisible = 0;
			defaultConfigurationName = Release;
		};
/* End XCConfigurationList section */
	};
	rootObject = CBBE6EF927E278DD00A1269D /* Project object */;
}
